// !$*UTF8*$!
{
	archiveVersion = 1;
	classes = {
	};
	objectVersion = 50;
	objects = {

/* Begin PBXBuildFile section */
		22F5E9B923CCC447000875EB /* AppDelegate.swift in Sources */ = {isa = PBXBuildFile; fileRef = 22F5E9B823CCC447000875EB /* AppDelegate.swift */; };
		22F5E9BB23CCC447000875EB /* art.scnassets in Resources */ = {isa = PBXBuildFile; fileRef = 22F5E9BA23CCC447000875EB /* art.scnassets */; };
		22F5E9BD23CCC447000875EB /* ViewController.swift in Sources */ = {isa = PBXBuildFile; fileRef = 22F5E9BC23CCC447000875EB /* ViewController.swift */; };
		22F5E9C023CCC447000875EB /* Main.storyboard in Resources */ = {isa = PBXBuildFile; fileRef = 22F5E9BE23CCC447000875EB /* Main.storyboard */; };
		22F5E9C223CCC449000875EB /* Assets.xcassets in Resources */ = {isa = PBXBuildFile; fileRef = 22F5E9C123CCC449000875EB /* Assets.xcassets */; };
		22F5E9C523CCC449000875EB /* LaunchScreen.storyboard in Resources */ = {isa = PBXBuildFile; fileRef = 22F5E9C323CCC449000875EB /* LaunchScreen.storyboard */; };
		22F5E9D023CCC449000875EB /* AR_Diaper_MeasureTests.swift in Sources */ = {isa = PBXBuildFile; fileRef = 22F5E9CF23CCC449000875EB /* AR_Diaper_MeasureTests.swift */; };
		22F5E9DB23CCC449000875EB /* AR_Diaper_MeasureUITests.swift in Sources */ = {isa = PBXBuildFile; fileRef = 22F5E9DA23CCC449000875EB /* AR_Diaper_MeasureUITests.swift */; };
/* End PBXBuildFile section */

/* Begin PBXContainerItemProxy section */
		22F5E9CC23CCC449000875EB /* PBXContainerItemProxy */ = {
			isa = PBXContainerItemProxy;
			containerPortal = 22F5E9AD23CCC447000875EB /* Project object */;
			proxyType = 1;
			remoteGlobalIDString = 22F5E9B423CCC447000875EB;
			remoteInfo = "AR Diaper Measure";
		};
		22F5E9D723CCC449000875EB /* PBXContainerItemProxy */ = {
			isa = PBXContainerItemProxy;
			containerPortal = 22F5E9AD23CCC447000875EB /* Project object */;
			proxyType = 1;
			remoteGlobalIDString = 22F5E9B423CCC447000875EB;
			remoteInfo = "AR Diaper Measure";
		};
/* End PBXContainerItemProxy section */

/* Begin PBXFileReference section */
		22F5E9B523CCC447000875EB /* AR Diaper Measure.app */ = {isa = PBXFileReference; explicitFileType = wrapper.application; includeInIndex = 0; path = "AR Diaper Measure.app"; sourceTree = BUILT_PRODUCTS_DIR; };
		22F5E9B823CCC447000875EB /* AppDelegate.swift */ = {isa = PBXFileReference; lastKnownFileType = sourcecode.swift; path = AppDelegate.swift; sourceTree = "<group>"; };
		22F5E9BA23CCC447000875EB /* art.scnassets */ = {isa = PBXFileReference; lastKnownFileType = wrapper.scnassets; path = art.scnassets; sourceTree = "<group>"; };
		22F5E9BC23CCC447000875EB /* ViewController.swift */ = {isa = PBXFileReference; lastKnownFileType = sourcecode.swift; path = ViewController.swift; sourceTree = "<group>"; };
		22F5E9BF23CCC447000875EB /* Base */ = {isa = PBXFileReference; lastKnownFileType = file.storyboard; name = Base; path = Base.lproj/Main.storyboard; sourceTree = "<group>"; };
		22F5E9C123CCC449000875EB /* Assets.xcassets */ = {isa = PBXFileReference; lastKnownFileType = folder.assetcatalog; path = Assets.xcassets; sourceTree = "<group>"; };
		22F5E9C423CCC449000875EB /* Base */ = {isa = PBXFileReference; lastKnownFileType = file.storyboard; name = Base; path = Base.lproj/LaunchScreen.storyboard; sourceTree = "<group>"; };
		22F5E9C623CCC449000875EB /* Info.plist */ = {isa = PBXFileReference; lastKnownFileType = text.plist.xml; path = Info.plist; sourceTree = "<group>"; };
		22F5E9CB23CCC449000875EB /* AR Diaper MeasureTests.xctest */ = {isa = PBXFileReference; explicitFileType = wrapper.cfbundle; includeInIndex = 0; path = "AR Diaper MeasureTests.xctest"; sourceTree = BUILT_PRODUCTS_DIR; };
		22F5E9CF23CCC449000875EB /* AR_Diaper_MeasureTests.swift */ = {isa = PBXFileReference; lastKnownFileType = sourcecode.swift; path = AR_Diaper_MeasureTests.swift; sourceTree = "<group>"; };
		22F5E9D123CCC449000875EB /* Info.plist */ = {isa = PBXFileReference; lastKnownFileType = text.plist.xml; path = Info.plist; sourceTree = "<group>"; };
		22F5E9D623CCC449000875EB /* AR Diaper MeasureUITests.xctest */ = {isa = PBXFileReference; explicitFileType = wrapper.cfbundle; includeInIndex = 0; path = "AR Diaper MeasureUITests.xctest"; sourceTree = BUILT_PRODUCTS_DIR; };
		22F5E9DA23CCC449000875EB /* AR_Diaper_MeasureUITests.swift */ = {isa = PBXFileReference; lastKnownFileType = sourcecode.swift; path = AR_Diaper_MeasureUITests.swift; sourceTree = "<group>"; };
		22F5E9DC23CCC449000875EB /* Info.plist */ = {isa = PBXFileReference; lastKnownFileType = text.plist.xml; path = Info.plist; sourceTree = "<group>"; };
/* End PBXFileReference section */

/* Begin PBXFrameworksBuildPhase section */
		22F5E9B223CCC447000875EB /* Frameworks */ = {
			isa = PBXFrameworksBuildPhase;
			buildActionMask = 2147483647;
			files = (
			);
			runOnlyForDeploymentPostprocessing = 0;
		};
		22F5E9C823CCC449000875EB /* Frameworks */ = {
			isa = PBXFrameworksBuildPhase;
			buildActionMask = 2147483647;
			files = (
			);
			runOnlyForDeploymentPostprocessing = 0;
		};
		22F5E9D323CCC449000875EB /* Frameworks */ = {
			isa = PBXFrameworksBuildPhase;
			buildActionMask = 2147483647;
			files = (
			);
			runOnlyForDeploymentPostprocessing = 0;
		};
/* End PBXFrameworksBuildPhase section */

/* Begin PBXGroup section */
		22F5E9AC23CCC447000875EB = {
			isa = PBXGroup;
			children = (
				22F5E9B723CCC447000875EB /* AR Diaper Measure */,
				22F5E9CE23CCC449000875EB /* AR Diaper MeasureTests */,
				22F5E9D923CCC449000875EB /* AR Diaper MeasureUITests */,
				22F5E9B623CCC447000875EB /* Products */,
			);
			sourceTree = "<group>";
		};
		22F5E9B623CCC447000875EB /* Products */ = {
			isa = PBXGroup;
			children = (
				22F5E9B523CCC447000875EB /* AR Diaper Measure.app */,
				22F5E9CB23CCC449000875EB /* AR Diaper MeasureTests.xctest */,
				22F5E9D623CCC449000875EB /* AR Diaper MeasureUITests.xctest */,
			);
			name = Products;
			sourceTree = "<group>";
		};
		22F5E9B723CCC447000875EB /* AR Diaper Measure */ = {
			isa = PBXGroup;
			children = (
				22F5E9B823CCC447000875EB /* AppDelegate.swift */,
				22F5E9BA23CCC447000875EB /* art.scnassets */,
				22F5E9BC23CCC447000875EB /* ViewController.swift */,
				22F5E9BE23CCC447000875EB /* Main.storyboard */,
				22F5E9C123CCC449000875EB /* Assets.xcassets */,
				22F5E9C323CCC449000875EB /* LaunchScreen.storyboard */,
				22F5E9C623CCC449000875EB /* Info.plist */,
			);
			path = "AR Diaper Measure";
			sourceTree = "<group>";
		};
		22F5E9CE23CCC449000875EB /* AR Diaper MeasureTests */ = {
			isa = PBXGroup;
			children = (
				22F5E9CF23CCC449000875EB /* AR_Diaper_MeasureTests.swift */,
				22F5E9D123CCC449000875EB /* Info.plist */,
			);
			path = "AR Diaper MeasureTests";
			sourceTree = "<group>";
		};
		22F5E9D923CCC449000875EB /* AR Diaper MeasureUITests */ = {
			isa = PBXGroup;
			children = (
				22F5E9DA23CCC449000875EB /* AR_Diaper_MeasureUITests.swift */,
				22F5E9DC23CCC449000875EB /* Info.plist */,
			);
			path = "AR Diaper MeasureUITests";
			sourceTree = "<group>";
		};
/* End PBXGroup section */

/* Begin PBXNativeTarget section */
		22F5E9B423CCC447000875EB /* AR Diaper Measure */ = {
			isa = PBXNativeTarget;
			buildConfigurationList = 22F5E9DF23CCC449000875EB /* Build configuration list for PBXNativeTarget "AR Diaper Measure" */;
			buildPhases = (
				22F5E9B123CCC447000875EB /* Sources */,
				22F5E9B223CCC447000875EB /* Frameworks */,
				22F5E9B323CCC447000875EB /* Resources */,
			);
			buildRules = (
			);
			dependencies = (
			);
			name = "AR Diaper Measure";
			productName = "AR Diaper Measure";
			productReference = 22F5E9B523CCC447000875EB /* AR Diaper Measure.app */;
			productType = "com.apple.product-type.application";
		};
		22F5E9CA23CCC449000875EB /* AR Diaper MeasureTests */ = {
			isa = PBXNativeTarget;
			buildConfigurationList = 22F5E9E223CCC449000875EB /* Build configuration list for PBXNativeTarget "AR Diaper MeasureTests" */;
			buildPhases = (
				22F5E9C723CCC449000875EB /* Sources */,
				22F5E9C823CCC449000875EB /* Frameworks */,
				22F5E9C923CCC449000875EB /* Resources */,
			);
			buildRules = (
			);
			dependencies = (
				22F5E9CD23CCC449000875EB /* PBXTargetDependency */,
			);
			name = "AR Diaper MeasureTests";
			productName = "AR Diaper MeasureTests";
			productReference = 22F5E9CB23CCC449000875EB /* AR Diaper MeasureTests.xctest */;
			productType = "com.apple.product-type.bundle.unit-test";
		};
		22F5E9D523CCC449000875EB /* AR Diaper MeasureUITests */ = {
			isa = PBXNativeTarget;
			buildConfigurationList = 22F5E9E523CCC449000875EB /* Build configuration list for PBXNativeTarget "AR Diaper MeasureUITests" */;
			buildPhases = (
				22F5E9D223CCC449000875EB /* Sources */,
				22F5E9D323CCC449000875EB /* Frameworks */,
				22F5E9D423CCC449000875EB /* Resources */,
			);
			buildRules = (
			);
			dependencies = (
				22F5E9D823CCC449000875EB /* PBXTargetDependency */,
			);
			name = "AR Diaper MeasureUITests";
			productName = "AR Diaper MeasureUITests";
			productReference = 22F5E9D623CCC449000875EB /* AR Diaper MeasureUITests.xctest */;
			productType = "com.apple.product-type.bundle.ui-testing";
		};
/* End PBXNativeTarget section */

/* Begin PBXProject section */
		22F5E9AD23CCC447000875EB /* Project object */ = {
			isa = PBXProject;
			attributes = {
				LastSwiftUpdateCheck = 1010;
				LastUpgradeCheck = 1010;
				ORGANIZATIONNAME = "Prasad Kumkar";
				TargetAttributes = {
					22F5E9B423CCC447000875EB = {
						CreatedOnToolsVersion = 10.1;
					};
					22F5E9CA23CCC449000875EB = {
						CreatedOnToolsVersion = 10.1;
						TestTargetID = 22F5E9B423CCC447000875EB;
					};
					22F5E9D523CCC449000875EB = {
						CreatedOnToolsVersion = 10.1;
						TestTargetID = 22F5E9B423CCC447000875EB;
					};
				};
			};
			buildConfigurationList = 22F5E9B023CCC447000875EB /* Build configuration list for PBXProject "AR Diaper Measure" */;
			compatibilityVersion = "Xcode 9.3";
			developmentRegion = en;
			hasScannedForEncodings = 0;
			knownRegions = (
				en,
				Base,
			);
			mainGroup = 22F5E9AC23CCC447000875EB;
			productRefGroup = 22F5E9B623CCC447000875EB /* Products */;
			projectDirPath = "";
			projectRoot = "";
			targets = (
				22F5E9B423CCC447000875EB /* AR Diaper Measure */,
				22F5E9CA23CCC449000875EB /* AR Diaper MeasureTests */,
				22F5E9D523CCC449000875EB /* AR Diaper MeasureUITests */,
			);
		};
/* End PBXProject section */

/* Begin PBXResourcesBuildPhase section */
		22F5E9B323CCC447000875EB /* Resources */ = {
			isa = PBXResourcesBuildPhase;
			buildActionMask = 2147483647;
			files = (
				22F5E9BB23CCC447000875EB /* art.scnassets in Resources */,
				22F5E9C523CCC449000875EB /* LaunchScreen.storyboard in Resources */,
				22F5E9C223CCC449000875EB /* Assets.xcassets in Resources */,
				22F5E9C023CCC447000875EB /* Main.storyboard in Resources */,
			);
			runOnlyForDeploymentPostprocessing = 0;
		};
		22F5E9C923CCC449000875EB /* Resources */ = {
			isa = PBXResourcesBuildPhase;
			buildActionMask = 2147483647;
			files = (
			);
			runOnlyForDeploymentPostprocessing = 0;
		};
		22F5E9D423CCC449000875EB /* Resources */ = {
			isa = PBXResourcesBuildPhase;
			buildActionMask = 2147483647;
			files = (
			);
			runOnlyForDeploymentPostprocessing = 0;
		};
/* End PBXResourcesBuildPhase section */

/* Begin PBXSourcesBuildPhase section */
		22F5E9B123CCC447000875EB /* Sources */ = {
			isa = PBXSourcesBuildPhase;
			buildActionMask = 2147483647;
			files = (
				22F5E9BD23CCC447000875EB /* ViewController.swift in Sources */,
				22F5E9B923CCC447000875EB /* AppDelegate.swift in Sources */,
			);
			runOnlyForDeploymentPostprocessing = 0;
		};
		22F5E9C723CCC449000875EB /* Sources */ = {
			isa = PBXSourcesBuildPhase;
			buildActionMask = 2147483647;
			files = (
				22F5E9D023CCC449000875EB /* AR_Diaper_MeasureTests.swift in Sources */,
			);
			runOnlyForDeploymentPostprocessing = 0;
		};
		22F5E9D223CCC449000875EB /* Sources */ = {
			isa = PBXSourcesBuildPhase;
			buildActionMask = 2147483647;
			files = (
				22F5E9DB23CCC449000875EB /* AR_Diaper_MeasureUITests.swift in Sources */,
			);
			runOnlyForDeploymentPostprocessing = 0;
		};
/* End PBXSourcesBuildPhase section */

/* Begin PBXTargetDependency section */
		22F5E9CD23CCC449000875EB /* PBXTargetDependency */ = {
			isa = PBXTargetDependency;
			target = 22F5E9B423CCC447000875EB /* AR Diaper Measure */;
			targetProxy = 22F5E9CC23CCC449000875EB /* PBXContainerItemProxy */;
		};
		22F5E9D823CCC449000875EB /* PBXTargetDependency */ = {
			isa = PBXTargetDependency;
			target = 22F5E9B423CCC447000875EB /* AR Diaper Measure */;
			targetProxy = 22F5E9D723CCC449000875EB /* PBXContainerItemProxy */;
		};
/* End PBXTargetDependency section */

/* Begin PBXVariantGroup section */
		22F5E9BE23CCC447000875EB /* Main.storyboard */ = {
			isa = PBXVariantGroup;
			children = (
				22F5E9BF23CCC447000875EB /* Base */,
			);
			name = Main.storyboard;
			sourceTree = "<group>";
		};
		22F5E9C323CCC449000875EB /* LaunchScreen.storyboard */ = {
			isa = PBXVariantGroup;
			children = (
				22F5E9C423CCC449000875EB /* Base */,
			);
			name = LaunchScreen.storyboard;
			sourceTree = "<group>";
		};
/* End PBXVariantGroup section */

/* Begin XCBuildConfiguration section */
		22F5E9DD23CCC449000875EB /* Debug */ = {
			isa = XCBuildConfiguration;
			buildSettings = {
				ALWAYS_SEARCH_USER_PATHS = NO;
				CLANG_ANALYZER_NONNULL = YES;
				CLANG_ANALYZER_NUMBER_OBJECT_CONVERSION = YES_AGGRESSIVE;
				CLANG_CXX_LANGUAGE_STANDARD = "gnu++14";
				CLANG_CXX_LIBRARY = "libc++";
				CLANG_ENABLE_MODULES = YES;
				CLANG_ENABLE_OBJC_ARC = YES;
				CLANG_ENABLE_OBJC_WEAK = YES;
				CLANG_WARN_BLOCK_CAPTURE_AUTORELEASING = YES;
				CLANG_WARN_BOOL_CONVERSION = YES;
				CLANG_WARN_COMMA = YES;
				CLANG_WARN_CONSTANT_CONVERSION = YES;
				CLANG_WARN_DEPRECATED_OBJC_IMPLEMENTATIONS = YES;
				CLANG_WARN_DIRECT_OBJC_ISA_USAGE = YES_ERROR;
				CLANG_WARN_DOCUMENTATION_COMMENTS = YES;
				CLANG_WARN_EMPTY_BODY = YES;
				CLANG_WARN_ENUM_CONVERSION = YES;
				CLANG_WARN_INFINITE_RECURSION = YES;
				CLANG_WARN_INT_CONVERSION = YES;
				CLANG_WARN_NON_LITERAL_NULL_CONVERSION = YES;
				CLANG_WARN_OBJC_IMPLICIT_RETAIN_SELF = YES;
				CLANG_WARN_OBJC_LITERAL_CONVERSION = YES;
				CLANG_WARN_OBJC_ROOT_CLASS = YES_ERROR;
				CLANG_WARN_RANGE_LOOP_ANALYSIS = YES;
				CLANG_WARN_STRICT_PROTOTYPES = YES;
				CLANG_WARN_SUSPICIOUS_MOVE = YES;
				CLANG_WARN_UNGUARDED_AVAILABILITY = YES_AGGRESSIVE;
				CLANG_WARN_UNREACHABLE_CODE = YES;
				CLANG_WARN__DUPLICATE_METHOD_MATCH = YES;
				CODE_SIGN_IDENTITY = "iPhone Developer";
				COPY_PHASE_STRIP = NO;
				DEBUG_INFORMATION_FORMAT = dwarf;
				ENABLE_STRICT_OBJC_MSGSEND = YES;
				ENABLE_TESTABILITY = YES;
				GCC_C_LANGUAGE_STANDARD = gnu11;
				GCC_DYNAMIC_NO_PIC = NO;
				GCC_NO_COMMON_BLOCKS = YES;
				GCC_OPTIMIZATION_LEVEL = 0;
				GCC_PREPROCESSOR_DEFINITIONS = (
					"DEBUG=1",
					"$(inherited)",
				);
				GCC_WARN_64_TO_32_BIT_CONVERSION = YES;
				GCC_WARN_ABOUT_RETURN_TYPE = YES_ERROR;
				GCC_WARN_UNDECLARED_SELECTOR = YES;
				GCC_WARN_UNINITIALIZED_AUTOS = YES_AGGRESSIVE;
				GCC_WARN_UNUSED_FUNCTION = YES;
				GCC_WARN_UNUSED_VARIABLE = YES;
				IPHONEOS_DEPLOYMENT_TARGET = 12.1;
				MTL_ENABLE_DEBUG_INFO = INCLUDE_SOURCE;
				MTL_FAST_MATH = YES;
				ONLY_ACTIVE_ARCH = YES;
				SDKROOT = iphoneos;
				SWIFT_ACTIVE_COMPILATION_CONDITIONS = DEBUG;
				SWIFT_OPTIMIZATION_LEVEL = "-Onone";
			};
			name = Debug;
		};
		22F5E9DE23CCC449000875EB /* Release */ = {
			isa = XCBuildConfiguration;
			buildSettings = {
				ALWAYS_SEARCH_USER_PATHS = NO;
				CLANG_ANALYZER_NONNULL = YES;
				CLANG_ANALYZER_NUMBER_OBJECT_CONVERSION = YES_AGGRESSIVE;
				CLANG_CXX_LANGUAGE_STANDARD = "gnu++14";
				CLANG_CXX_LIBRARY = "libc++";
				CLANG_ENABLE_MODULES = YES;
				CLANG_ENABLE_OBJC_ARC = YES;
				CLANG_ENABLE_OBJC_WEAK = YES;
				CLANG_WARN_BLOCK_CAPTURE_AUTORELEASING = YES;
				CLANG_WARN_BOOL_CONVERSION = YES;
				CLANG_WARN_COMMA = YES;
				CLANG_WARN_CONSTANT_CONVERSION = YES;
				CLANG_WARN_DEPRECATED_OBJC_IMPLEMENTATIONS = YES;
				CLANG_WARN_DIRECT_OBJC_ISA_USAGE = YES_ERROR;
				CLANG_WARN_DOCUMENTATION_COMMENTS = YES;
				CLANG_WARN_EMPTY_BODY = YES;
				CLANG_WARN_ENUM_CONVERSION = YES;
				CLANG_WARN_INFINITE_RECURSION = YES;
				CLANG_WARN_INT_CONVERSION = YES;
				CLANG_WARN_NON_LITERAL_NULL_CONVERSION = YES;
				CLANG_WARN_OBJC_IMPLICIT_RETAIN_SELF = YES;
				CLANG_WARN_OBJC_LITERAL_CONVERSION = YES;
				CLANG_WARN_OBJC_ROOT_CLASS = YES_ERROR;
				CLANG_WARN_RANGE_LOOP_ANALYSIS = YES;
				CLANG_WARN_STRICT_PROTOTYPES = YES;
				CLANG_WARN_SUSPICIOUS_MOVE = YES;
				CLANG_WARN_UNGUARDED_AVAILABILITY = YES_AGGRESSIVE;
				CLANG_WARN_UNREACHABLE_CODE = YES;
				CLANG_WARN__DUPLICATE_METHOD_MATCH = YES;
				CODE_SIGN_IDENTITY = "iPhone Developer";
				COPY_PHASE_STRIP = NO;
				DEBUG_INFORMATION_FORMAT = "dwarf-with-dsym";
				ENABLE_NS_ASSERTIONS = NO;
				ENABLE_STRICT_OBJC_MSGSEND = YES;
				GCC_C_LANGUAGE_STANDARD = gnu11;
				GCC_NO_COMMON_BLOCKS = YES;
				GCC_WARN_64_TO_32_BIT_CONVERSION = YES;
				GCC_WARN_ABOUT_RETURN_TYPE = YES_ERROR;
				GCC_WARN_UNDECLARED_SELECTOR = YES;
				GCC_WARN_UNINITIALIZED_AUTOS = YES_AGGRESSIVE;
				GCC_WARN_UNUSED_FUNCTION = YES;
				GCC_WARN_UNUSED_VARIABLE = YES;
				IPHONEOS_DEPLOYMENT_TARGET = 12.1;
				MTL_ENABLE_DEBUG_INFO = NO;
				MTL_FAST_MATH = YES;
				SDKROOT = iphoneos;
				SWIFT_COMPILATION_MODE = wholemodule;
				SWIFT_OPTIMIZATION_LEVEL = "-O";
				VALIDATE_PRODUCT = YES;
			};
			name = Release;
		};
		22F5E9E023CCC449000875EB /* Debug */ = {
			isa = XCBuildConfiguration;
			buildSettings = {
				ASSETCATALOG_COMPILER_APPICON_NAME = AppIcon;
				CODE_SIGN_STYLE = Automatic;
				DEVELOPMENT_TEAM = GLPXN2UH36;
				INFOPLIST_FILE = "AR Diaper Measure/Info.plist";
				LD_RUNPATH_SEARCH_PATHS = (
					"$(inherited)",
					"@executable_path/Frameworks",
				);
				PRODUCT_BUNDLE_IDENTIFIER = "hacking-the-diaper.AR-Diaper-Measure";
				PRODUCT_NAME = "$(TARGET_NAME)";
				SWIFT_VERSION = 4.2;
				TARGETED_DEVICE_FAMILY = "1,2";
			};
			name = Debug;
		};
		22F5E9E123CCC449000875EB /* Release */ = {
			isa = XCBuildConfiguration;
			buildSettings = {
				ASSETCATALOG_COMPILER_APPICON_NAME = AppIcon;
				CODE_SIGN_STYLE = Automatic;
				DEVELOPMENT_TEAM = GLPXN2UH36;
				INFOPLIST_FILE = "AR Diaper Measure/Info.plist";
				LD_RUNPATH_SEARCH_PATHS = (
					"$(inherited)",
					"@executable_path/Frameworks",
				);
				PRODUCT_BUNDLE_IDENTIFIER = "hacking-the-diaper.AR-Diaper-Measure";
				PRODUCT_NAME = "$(TARGET_NAME)";
				SWIFT_VERSION = 4.2;
				TARGETED_DEVICE_FAMILY = "1,2";
			};
			name = Release;
		};
		22F5E9E323CCC449000875EB /* Debug */ = {
			isa = XCBuildConfiguration;
			buildSettings = {
				ALWAYS_EMBED_SWIFT_STANDARD_LIBRARIES = YES;
				BUNDLE_LOADER = "$(TEST_HOST)";
				CODE_SIGN_STYLE = Automatic;
				DEVELOPMENT_TEAM = GLPXN2UH36;
				INFOPLIST_FILE = "AR Diaper MeasureTests/Info.plist";
				LD_RUNPATH_SEARCH_PATHS = (
					"$(inherited)",
					"@executable_path/Frameworks",
					"@loader_path/Frameworks",
				);
				PRODUCT_BUNDLE_IDENTIFIER = "hacking-the-diaper.AR-Diaper-MeasureTests";
				PRODUCT_NAME = "$(TARGET_NAME)";
				SWIFT_VERSION = 4.2;
				TARGETED_DEVICE_FAMILY = "1,2";
				TEST_HOST = "$(BUILT_PRODUCTS_DIR)/AR Diaper Measure.app/AR Diaper Measure";
			};
			name = Debug;
		};
		22F5E9E423CCC449000875EB /* Release */ = {
			isa = XCBuildConfiguration;
			buildSettings = {
				ALWAYS_EMBED_SWIFT_STANDARD_LIBRARIES = YES;
				BUNDLE_LOADER = "$(TEST_HOST)";
				CODE_SIGN_STYLE = Automatic;
				DEVELOPMENT_TEAM = GLPXN2UH36;
				INFOPLIST_FILE = "AR Diaper MeasureTests/Info.plist";
				LD_RUNPATH_SEARCH_PATHS = (
					"$(inherited)",
					"@executable_path/Frameworks",
					"@loader_path/Frameworks",
				);
				PRODUCT_BUNDLE_IDENTIFIER = "hacking-the-diaper.AR-Diaper-MeasureTests";
				PRODUCT_NAME = "$(TARGET_NAME)";
				SWIFT_VERSION = 4.2;
				TARGETED_DEVICE_FAMILY = "1,2";
				TEST_HOST = "$(BUILT_PRODUCTS_DIR)/AR Diaper Measure.app/AR Diaper Measure";
			};
			name = Release;
		};
		22F5E9E623CCC449000875EB /* Debug */ = {
			isa = XCBuildConfiguration;
			buildSettings = {
				ALWAYS_EMBED_SWIFT_STANDARD_LIBRARIES = YES;
				CODE_SIGN_STYLE = Automatic;
				DEVELOPMENT_TEAM = GLPXN2UH36;
				INFOPLIST_FILE = "AR Diaper MeasureUITests/Info.plist";
				LD_RUNPATH_SEARCH_PATHS = (
					"$(inherited)",
					"@executable_path/Frameworks",
					"@loader_path/Frameworks",
				);
				PRODUCT_BUNDLE_IDENTIFIER = "hacking-the-diaper.AR-Diaper-MeasureUITests";
				PRODUCT_NAME = "$(TARGET_NAME)";
				SWIFT_VERSION = 4.2;
				TARGETED_DEVICE_FAMILY = "1,2";
				TEST_TARGET_NAME = "AR Diaper Measure";
			};
			name = Debug;
		};
		22F5E9E723CCC449000875EB /* Release */ = {
			isa = XCBuildConfiguration;
			buildSettings = {
				ALWAYS_EMBED_SWIFT_STANDARD_LIBRARIES = YES;
				CODE_SIGN_STYLE = Automatic;
				DEVELOPMENT_TEAM = GLPXN2UH36;
				INFOPLIST_FILE = "AR Diaper MeasureUITests/Info.plist";
				LD_RUNPATH_SEARCH_PATHS = (
					"$(inherited)",
					"@executable_path/Frameworks",
					"@loader_path/Frameworks",
				);
				PRODUCT_BUNDLE_IDENTIFIER = "hacking-the-diaper.AR-Diaper-MeasureUITests";
				PRODUCT_NAME = "$(TARGET_NAME)";
				SWIFT_VERSION = 4.2;
				TARGETED_DEVICE_FAMILY = "1,2";
				TEST_TARGET_NAME = "AR Diaper Measure";
			};
			name = Release;
		};
/* End XCBuildConfiguration section */

/* Begin XCConfigurationList section */
		22F5E9B023CCC447000875EB /* Build configuration list for PBXProject "AR Diaper Measure" */ = {
			isa = XCConfigurationList;
			buildConfigurations = (
				22F5E9DD23CCC449000875EB /* Debug */,
				22F5E9DE23CCC449000875EB /* Release */,
			);
			defaultConfigurationIsVisible = 0;
			defaultConfigurationName = Release;
		};
		22F5E9DF23CCC449000875EB /* Build configuration list for PBXNativeTarget "AR Diaper Measure" */ = {
			isa = XCConfigurationList;
			buildConfigurations = (
				22F5E9E023CCC449000875EB /* Debug */,
				22F5E9E123CCC449000875EB /* Release */,
			);
			defaultConfigurationIsVisible = 0;
			defaultConfigurationName = Release;
		};
		22F5E9E223CCC449000875EB /* Build configuration list for PBXNativeTarget "AR Diaper MeasureTests" */ = {
			isa = XCConfigurationList;
			buildConfigurations = (
				22F5E9E323CCC449000875EB /* Debug */,
				22F5E9E423CCC449000875EB /* Release */,
			);
			defaultConfigurationIsVisible = 0;
			defaultConfigurationName = Release;
		};
		22F5E9E523CCC449000875EB /* Build configuration list for PBXNativeTarget "AR Diaper MeasureUITests" */ = {
			isa = XCConfigurationList;
			buildConfigurations = (
				22F5E9E623CCC449000875EB /* Debug */,
				22F5E9E723CCC449000875EB /* Release */,
			);
			defaultConfigurationIsVisible = 0;
			defaultConfigurationName = Release;
		};
/* End XCConfigurationList section */
	};
	rootObject = 22F5E9AD23CCC447000875EB /* Project object */;
}
